PODS:
  - Alamofire (4.4.0)
  - FoldingCell (2.0.3)
  - IQKeyboardManagerSwift (4.0.6)
  - pop (1.0.9)
  - ReachabilitySwift (3)
  - SnapKit (3.2.0)
  - SwiftyJSON (3.1.4)

DEPENDENCIES:
  - Alamofire (~> 4.4)
  - FoldingCell (~> 2.0.3)
  - IQKeyboardManagerSwift (= 4.0.6)
  - pop (~> 1.0)
  - ReachabilitySwift (~> 3)
  - SnapKit (~> 3.2.0)
  - SwiftyJSON

SPEC CHECKSUMS:
  Alamofire: dc44b1600b800eb63da6a19039a0083d62a6a62d
  FoldingCell: 2f3113051609167776743415fc00ed877ac6d62c
  IQKeyboardManagerSwift: b3015e819559ca76381f87a0833f44d178564603
  pop: f667631a5108a2e60d9e8797c9b32ddaf2080bce
  ReachabilitySwift: f5b9bb30a0777fac8f09ce8b067e32faeb29bb64
  SnapKit: 1ca44df72cfa543218d177cb8aab029d10d86ea7
  SwiftyJSON: c2842d878f95482ffceec5709abc3d05680c0220

PODFILE CHECKSUM: 3728e2cf251b5aea40af7357b458be9a8ab24036

COCOAPODS: 1.2.1.beta.1
